<Solution>
  <Project Path="QLShopCauLong/QLShopCauLong.csproj" Id="cc4e33e8-8aba-466a-a24d-00701366c744">
    <Build Solution="Debug|*" Project="false" />
  </Project>
  <Project Path="QLShopCauLongSetup/QLShopCauLongSetup.vdproj" Type="Installer">
    <Build Solution="Debug|*" />
  </Project>
</Solution>
